Microsoft Visual Studio Solution File, Format Version 12.00
# Visual Studio Version 17
VisualStudioVersion = 17.5.2.0
MinimumVisualStudioVersion = 10.0.40219.1
Project("{FAE04EC0-301F-11D3-BF4B-00C04F79EFBC}") = "SmartwayFinal", "Backend\SmartwayFinal.csproj", "{93F1E32A-A1EB-61F5-641B-F9F527BAEF5B}"
EndProject
Global
	GlobalSection(SolutionConfigurationPlatforms) = preSolution
		Debug|Any CPU = Debug|Any CPU
		Release|Any CPU = Release|Any CPU
	EndGlobalSection
	GlobalSection(ProjectConfigurationPlatforms) = postSolution
		{93F1E32A-A1EB-61F5-641B-F9F527BAEF5B}.Debug|Any CPU.ActiveCfg = Debug|Any CPU
		{93F1E32A-A1EB-61F5-641B-F9F527BAEF5B}.Debug|Any CPU.Build.0 = Debug|Any CPU
		{93F1E32A-A1EB-61F5-641B-F9F527BAEF5B}.Release|Any CPU.ActiveCfg = Release|Any CPU
		{93F1E32A-A1EB-61F5-641B-F9F527BAEF5B}.Release|Any CPU.Build.0 = Release|Any CPU
	EndGlobalSection
	GlobalSection(SolutionProperties) = preSolution
		HideSolutionNode = FALSE
	EndGlobalSection
	GlobalSection(ExtensibilityGlobals) = postSolution
		SolutionGuid = {94F5282E-C80F-4417-A9CF-F32F77DC27FF}
	EndGlobalSection
EndGlobal
